
Microsoft Visual Studio Solution File, Format Version 12.00
# Visual Studio Version 17
VisualStudioVersion = 17.14.36202.13 d17.14
MinimumVisualStudioVersion = 10.0.40219.1
Project("{FAE04EC0-301F-11D3-BF4B-00C04F79EFBC}") = "GrandBazaar", "GrandBazaar.csproj", "{BAE64F28-D17F-409B-914D-E81DF1DCF756}"
EndProject
Global
	GlobalSection(SolutionConfigurationPlatforms) = preSolution
		Debug|Any CPU = Debug|Any CPU
		Release|Any CPU = Release|Any CPU
	EndGlobalSection
	GlobalSection(ProjectConfigurationPlatforms) = postSolution
		{BAE64F28-D17F-409B-914D-E81DF1DCF756}.Debug|Any CPU.ActiveCfg = Debug|Any CPU
		{BAE64F28-D17F-409B-914D-E81DF1DCF756}.Debug|Any CPU.Build.0 = Debug|Any CPU
		{BAE64F28-D17F-409B-914D-E81DF1DCF756}.Release|Any CPU.ActiveCfg = Release|Any CPU
		{BAE64F28-D17F-409B-914D-E81DF1DCF756}.Release|Any CPU.Build.0 = Release|Any CPU
	EndGlobalSection
	GlobalSection(SolutionProperties) = preSolution
		HideSolutionNode = FALSE
	EndGlobalSection
	GlobalSection(ExtensibilityGlobals) = postSolution
		SolutionGuid = {2384EEC9-DB37-48A0-96DC-AA566C292E1E}
	EndGlobalSection
EndGlobal
